Microsoft Visual Studio Solution File, Format Version 12.00
# Visual Studio Version 17
VisualStudioVersion = 17.5.2.0
MinimumVisualStudioVersion = 10.0.40219.1
Project("{FAE04EC0-301F-11D3-BF4B-00C04F79EFBC}") = "Tup-G7.2", "Tup-G7.2.csproj", "{6CFA846F-8322-E93F-E282-C88DD9C25965}"
EndProject
Global
	GlobalSection(SolutionConfigurationPlatforms) = preSolution
		Debug|Any CPU = Debug|Any CPU
		Release|Any CPU = Release|Any CPU
	EndGlobalSection
	GlobalSection(ProjectConfigurationPlatforms) = postSolution
		{6CFA846F-8322-E93F-E282-C88DD9C25965}.Debug|Any CPU.ActiveCfg = Debug|Any CPU
		{6CFA846F-8322-E93F-E282-C88DD9C25965}.Debug|Any CPU.Build.0 = Debug|Any CPU
		{6CFA846F-8322-E93F-E282-C88DD9C25965}.Release|Any CPU.ActiveCfg = Release|Any CPU
		{6CFA846F-8322-E93F-E282-C88DD9C25965}.Release|Any CPU.Build.0 = Release|Any CPU
	EndGlobalSection
	GlobalSection(SolutionProperties) = preSolution
		HideSolutionNode = FALSE
	EndGlobalSection
	GlobalSection(ExtensibilityGlobals) = postSolution
		SolutionGuid = {C30FB5C1-0897-4C9A-B93D-25AC8C283C83}
	EndGlobalSection
EndGlobal
